// !$*UTF8*$!
{
	archiveVersion = 1;
	classes = {
	};
	objectVersion = 48;
	objects = {

/* Begin PBXBuildFile section */
		8B35A0E51F18765400DB2C3A /* AppDelegate.m in Sources */ = {isa = PBXBuildFile; fileRef = 8B35A0E41F18765400DB2C3A /* AppDelegate.m */; };
		8B35A0E81F18765400DB2C3A /* ViewController.m in Sources */ = {isa = PBXBuildFile; fileRef = 8B35A0E71F18765400DB2C3A /* ViewController.m */; };
		8B35A0EB1F18765400DB2C3A /* Main.storyboard in Resources */ = {isa = PBXBuildFile; fileRef = 8B35A0E91F18765400DB2C3A /* Main.storyboard */; };
		8B35A0ED1F18765400DB2C3A /* Assets.xcassets in Resources */ = {isa = PBXBuildFile; fileRef = 8B35A0EC1F18765400DB2C3A /* Assets.xcassets */; };
		8B35A0F01F18765400DB2C3A /* LaunchScreen.storyboard in Resources */ = {isa = PBXBuildFile; fileRef = 8B35A0EE1F18765400DB2C3A /* LaunchScreen.storyboard */; };
		8B35A0F31F18765400DB2C3A /* main.m in Sources */ = {isa = PBXBuildFile; fileRef = 8B35A0F21F18765400DB2C3A /* main.m */; };
		8B35A0FD1F18765500DB2C3A /* ZXWLaunchAppTests.m in Sources */ = {isa = PBXBuildFile; fileRef = 8B35A0FC1F18765500DB2C3A /* ZXWLaunchAppTests.m */; };
		8B35A1081F18765500DB2C3A /* ZXWLaunchAppUITests.m in Sources */ = {isa = PBXBuildFile; fileRef = 8B35A1071F18765500DB2C3A /* ZXWLaunchAppUITests.m */; };
		8B5D32431F19F007002CFA5E /* LaunchViewController.m in Sources */ = {isa = PBXBuildFile; fileRef = 8B5D32421F19F007002CFA5E /* LaunchViewController.m */; };
		8B5D32461F19F428002CFA5E /* LaunchItemModel.m in Sources */ = {isa = PBXBuildFile; fileRef = 8B5D32451F19F428002CFA5E /* LaunchItemModel.m */; };
		8B5D324B1F19FA71002CFA5E /* qidong.mp4 in Resources */ = {isa = PBXBuildFile; fileRef = 8B5D324A1F19FA71002CFA5E /* qidong.mp4 */; };
		8B5D324D1F19FA83002CFA5E /* LaunchImg@2x.png in Resources */ = {isa = PBXBuildFile; fileRef = 8B5D324C1F19FA83002CFA5E /* LaunchImg@2x.png */; };
		8BA191541F1A10120048C425 /* MyWebViewViewController.m in Sources */ = {isa = PBXBuildFile; fileRef = 8BA191531F1A10120048C425 /* MyWebViewViewController.m */; };
		8BA191771F1A194A0048C425 /* MKAnnotationView+WebCache.m in Sources */ = {isa = PBXBuildFile; fileRef = 8BA191571F1A194A0048C425 /* MKAnnotationView+WebCache.m */; };
		8BA191781F1A194A0048C425 /* NSData+ImageContentType.m in Sources */ = {isa = PBXBuildFile; fileRef = 8BA191591F1A194A0048C425 /* NSData+ImageContentType.m */; };
		8BA191791F1A194A0048C425 /* SDImageCache.m in Sources */ = {isa = PBXBuildFile; fileRef = 8BA1915B1F1A194A0048C425 /* SDImageCache.m */; };
		8BA1917A1F1A194A0048C425 /* SDWebImageCompat.m in Sources */ = {isa = PBXBuildFile; fileRef = 8BA1915D1F1A194A0048C425 /* SDWebImageCompat.m */; };
		8BA1917B1F1A194A0048C425 /* SDWebImageDecoder.m in Sources */ = {isa = PBXBuildFile; fileRef = 8BA1915F1F1A194A0048C425 /* SDWebImageDecoder.m */; };
		8BA1917C1F1A194A0048C425 /* SDWebImageDownloader.m in Sources */ = {isa = PBXBuildFile; fileRef = 8BA191611F1A194A0048C425 /* SDWebImageDownloader.m */; };
		8BA1917D1F1A194A0048C425 /* SDWebImageDownloaderOperation.m in Sources */ = {isa = PBXBuildFile; fileRef = 8BA191631F1A194A0048C425 /* SDWebImageDownloaderOperation.m */; };
		8BA1917E1F1A194A0048C425 /* SDWebImageManager.m in Sources */ = {isa = PBXBuildFile; fileRef = 8BA191651F1A194A0048C425 /* SDWebImageManager.m */; };
		8BA1917F1F1A194A0048C425 /* SDWebImagePrefetcher.m in Sources */ = {isa = PBXBuildFile; fileRef = 8BA191681F1A194A0048C425 /* SDWebImagePrefetcher.m */; };
		8BA191801F1A194A0048C425 /* UIButton+WebCache.m in Sources */ = {isa = PBXBuildFile; fileRef = 8BA1916A1F1A194A0048C425 /* UIButton+WebCache.m */; };
		8BA191811F1A194A0048C425 /* UIImage+GIF.m in Sources */ = {isa = PBXBuildFile; fileRef = 8BA1916C1F1A194A0048C425 /* UIImage+GIF.m */; };
		8BA191821F1A194A0048C425 /* UIImage+MultiFormat.m in Sources */ = {isa = PBXBuildFile; fileRef = 8BA1916E1F1A194A0048C425 /* UIImage+MultiFormat.m */; };
		8BA191831F1A194A0048C425 /* UIImage+WebP.m in Sources */ = {isa = PBXBuildFile; fileRef = 8BA191701F1A194A0048C425 /* UIImage+WebP.m */; };
		8BA191841F1A194A0048C425 /* UIImageView+HighlightedWebCache.m in Sources */ = {isa = PBXBuildFile; fileRef = 8BA191721F1A194A0048C425 /* UIImageView+HighlightedWebCache.m */; };
		8BA191851F1A194A0048C425 /* UIImageView+WebCache.m in Sources */ = {isa = PBXBuildFile; fileRef = 8BA191741F1A194A0048C425 /* UIImageView+WebCache.m */; };
		8BA191861F1A194A0048C425 /* UIView+WebCacheOperation.m in Sources */ = {isa = PBXBuildFile; fileRef = 8BA191761F1A194A0048C425 /* UIView+WebCacheOperation.m */; };
		8BA191891F1A21400048C425 /* DisplayHelper.m in Sources */ = {isa = PBXBuildFile; fileRef = 8BA191881F1A21400048C425 /* DisplayHelper.m */; };
		8BA1918F1F1A21B20048C425 /* LICENSE in Resources */ = {isa = PBXBuildFile; fileRef = 8BA1918B1F1A21B20048C425 /* LICENSE */; };
		8BA191901F1A21B20048C425 /* MBProgressHUD.m in Sources */ = {isa = PBXBuildFile; fileRef = 8BA1918D1F1A21B20048C425 /* MBProgressHUD.m */; };
		8BA191911F1A21B20048C425 /* README.mdown in Sources */ = {isa = PBXBuildFile; fileRef = 8BA1918E1F1A21B20048C425 /* README.mdown */; };
/* End PBXBuildFile section */

/* Begin PBXContainerItemProxy section */
		8B35A0F91F18765500DB2C3A /* PBXContainerItemProxy */ = {
			isa = PBXContainerItemProxy;
			containerPortal = 8B35A0D81F18765400DB2C3A /* Project object */;
			proxyType = 1;
			remoteGlobalIDString = 8B35A0DF1F18765400DB2C3A;
			remoteInfo = ZXWLaunchApp;
		};
		8B35A1041F18765500DB2C3A /* PBXContainerItemProxy */ = {
			isa = PBXContainerItemProxy;
			containerPortal = 8B35A0D81F18765400DB2C3A /* Project object */;
			proxyType = 1;
			remoteGlobalIDString = 8B35A0DF1F18765400DB2C3A;
			remoteInfo = ZXWLaunchApp;
		};
/* End PBXContainerItemProxy section */

/* Begin PBXFileReference section */
		8B35A0E01F18765400DB2C3A /* ZXWLaunchApp.app */ = {isa = PBXFileReference; explicitFileType = wrapper.application; includeInIndex = 0; path = ZXWLaunchApp.app; sourceTree = BUILT_PRODUCTS_DIR; };
		8B35A0E31F18765400DB2C3A /* AppDelegate.h */ = {isa = PBXFileReference; lastKnownFileType = sourcecode.c.h; path = AppDelegate.h; sourceTree = "<group>"; };
		8B35A0E41F18765400DB2C3A /* AppDelegate.m */ = {isa = PBXFileReference; lastKnownFileType = sourcecode.c.objc; path = AppDelegate.m; sourceTree = "<group>"; };
		8B35A0E61F18765400DB2C3A /* ViewController.h */ = {isa = PBXFileReference; lastKnownFileType = sourcecode.c.h; path = ViewController.h; sourceTree = "<group>"; };
		8B35A0E71F18765400DB2C3A /* ViewController.m */ = {isa = PBXFileReference; lastKnownFileType = sourcecode.c.objc; path = ViewController.m; sourceTree = "<group>"; };
		8B35A0EA1F18765400DB2C3A /* Base */ = {isa = PBXFileReference; lastKnownFileType = file.storyboard; name = Base; path = Base.lproj/Main.storyboard; sourceTree = "<group>"; };
		8B35A0EC1F18765400DB2C3A /* Assets.xcassets */ = {isa = PBXFileReference; lastKnownFileType = folder.assetcatalog; path = Assets.xcassets; sourceTree = "<group>"; };
		8B35A0EF1F18765400DB2C3A /* Base */ = {isa = PBXFileReference; lastKnownFileType = file.storyboard; name = Base; path = Base.lproj/LaunchScreen.storyboard; sourceTree = "<group>"; };
		8B35A0F11F18765400DB2C3A /* Info.plist */ = {isa = PBXFileReference; lastKnownFileType = text.plist.xml; path = Info.plist; sourceTree = "<group>"; };
		8B35A0F21F18765400DB2C3A /* main.m */ = {isa = PBXFileReference; lastKnownFileType = sourcecode.c.objc; path = main.m; sourceTree = "<group>"; };
		8B35A0F81F18765500DB2C3A /* ZXWLaunchAppTests.xctest */ = {isa = PBXFileReference; explicitFileType = wrapper.cfbundle; includeInIndex = 0; path = ZXWLaunchAppTests.xctest; sourceTree = BUILT_PRODUCTS_DIR; };
		8B35A0FC1F18765500DB2C3A /* ZXWLaunchAppTests.m */ = {isa = PBXFileReference; lastKnownFileType = sourcecode.c.objc; path = ZXWLaunchAppTests.m; sourceTree = "<group>"; };
		8B35A0FE1F18765500DB2C3A /* Info.plist */ = {isa = PBXFileReference; lastKnownFileType = text.plist.xml; path = Info.plist; sourceTree = "<group>"; };
		8B35A1031F18765500DB2C3A /* ZXWLaunchAppUITests.xctest */ = {isa = PBXFileReference; explicitFileType = wrapper.cfbundle; includeInIndex = 0; path = ZXWLaunchAppUITests.xctest; sourceTree = BUILT_PRODUCTS_DIR; };
		8B35A1071F18765500DB2C3A /* ZXWLaunchAppUITests.m */ = {isa = PBXFileReference; lastKnownFileType = sourcecode.c.objc; path = ZXWLaunchAppUITests.m; sourceTree = "<group>"; };
		8B35A1091F18765500DB2C3A /* Info.plist */ = {isa = PBXFileReference; lastKnownFileType = text.plist.xml; path = Info.plist; sourceTree = "<group>"; };
		8B5D32411F19F007002CFA5E /* LaunchViewController.h */ = {isa = PBXFileReference; lastKnownFileType = sourcecode.c.h; path = LaunchViewController.h; sourceTree = "<group>"; };
		8B5D32421F19F007002CFA5E /* LaunchViewController.m */ = {isa = PBXFileReference; lastKnownFileType = sourcecode.c.objc; path = LaunchViewController.m; sourceTree = "<group>"; };
		8B5D32441F19F428002CFA5E /* LaunchItemModel.h */ = {isa = PBXFileReference; lastKnownFileType = sourcecode.c.h; path = LaunchItemModel.h; sourceTree = "<group>"; };
		8B5D32451F19F428002CFA5E /* LaunchItemModel.m */ = {isa = PBXFileReference; lastKnownFileType = sourcecode.c.objc; path = LaunchItemModel.m; sourceTree = "<group>"; };
		8B5D324A1F19FA71002CFA5E /* qidong.mp4 */ = {isa = PBXFileReference; lastKnownFileType = file; name = qidong.mp4; path = "../../../../../TempCode/App启动页集合/startMovie-master/StartMovie/StartMovie/qidong.mp4"; sourceTree = "<group>"; };
		8B5D324C1F19FA83002CFA5E /* LaunchImg@2x.png */ = {isa = PBXFileReference; lastKnownFileType = image.png; name = "LaunchImg@2x.png"; path = "../../../../../TempCode/App启动页集合/XYLaunchAndIntroduction-master/XYLaunchAndIntroductionExample/XYLaunchAndIntroductionExample/XYTestImgs/LaunchImg@2x.png"; sourceTree = "<group>"; };
		8BA191521F1A10120048C425 /* MyWebViewViewController.h */ = {isa = PBXFileReference; lastKnownFileType = sourcecode.c.h; path = MyWebViewViewController.h; sourceTree = "<group>"; };
		8BA191531F1A10120048C425 /* MyWebViewViewController.m */ = {isa = PBXFileReference; lastKnownFileType = sourcecode.c.objc; path = MyWebViewViewController.m; sourceTree = "<group>"; };
		8BA191561F1A194A0048C425 /* MKAnnotationView+WebCache.h */ = {isa = PBXFileReference; fileEncoding = 4; lastKnownFileType = sourcecode.c.h; path = "MKAnnotationView+WebCache.h"; sourceTree = "<group>"; };
		8BA191571F1A194A0048C425 /* MKAnnotationView+WebCache.m */ = {isa = PBXFileReference; fileEncoding = 4; lastKnownFileType = sourcecode.c.objc; path = "MKAnnotationView+WebCache.m"; sourceTree = "<group>"; };
		8BA191581F1A194A0048C425 /* NSData+ImageContentType.h */ = {isa = PBXFileReference; fileEncoding = 4; lastKnownFileType = sourcecode.c.h; path = "NSData+ImageContentType.h"; sourceTree = "<group>"; };
		8BA191591F1A194A0048C425 /* NSData+ImageContentType.m */ = {isa = PBXFileReference; fileEncoding = 4; lastKnownFileType = sourcecode.c.objc; path = "NSData+ImageContentType.m"; sourceTree = "<group>"; };
		8BA1915A1F1A194A0048C425 /* SDImageCache.h */ = {isa = PBXFileReference; fileEncoding = 4; lastKnownFileType = sourcecode.c.h; path = SDImageCache.h; sourceTree = "<group>"; };
		8BA1915B1F1A194A0048C425 /* SDImageCache.m */ = {isa = PBXFileReference; fileEncoding = 4; lastKnownFileType = sourcecode.c.objc; path = SDImageCache.m; sourceTree = "<group>"; };
		8BA1915C1F1A194A0048C425 /* SDWebImageCompat.h */ = {isa = PBXFileReference; fileEncoding = 4; lastKnownFileType = sourcecode.c.h; path = SDWebImageCompat.h; sourceTree = "<group>"; };
		8BA1915D1F1A194A0048C425 /* SDWebImageCompat.m */ = {isa = PBXFileReference; fileEncoding = 4; lastKnownFileType = sourcecode.c.objc; path = SDWebImageCompat.m; sourceTree = "<group>"; };
		8BA1915E1F1A194A0048C425 /* SDWebImageDecoder.h */ = {isa = PBXFileReference; fileEncoding = 4; lastKnownFileType = sourcecode.c.h; path = SDWebImageDecoder.h; sourceTree = "<group>"; };
		8BA1915F1F1A194A0048C425 /* SDWebImageDecoder.m */ = {isa = PBXFileReference; fileEncoding = 4; lastKnownFileType = sourcecode.c.objc; path = SDWebImageDecoder.m; sourceTree = "<group>"; };
		8BA191601F1A194A0048C425 /* SDWebImageDownloader.h */ = {isa = PBXFileReference; fileEncoding = 4; lastKnownFileType = sourcecode.c.h; path = SDWebImageDownloader.h; sourceTree = "<group>"; };
		8BA191611F1A194A0048C425 /* SDWebImageDownloader.m */ = {isa = PBXFileReference; fileEncoding = 4; lastKnownFileType = sourcecode.c.objc; path = SDWebImageDownloader.m; sourceTree = "<group>"; };
		8BA191621F1A194A0048C425 /* SDWebImageDownloaderOperation.h */ = {isa = PBXFileReference; fileEncoding = 4; lastKnownFileType = sourcecode.c.h; path = SDWebImageDownloaderOperation.h; sourceTree = "<group>"; };
		8BA191631F1A194A0048C425 /* SDWebImageDownloaderOperation.m */ = {isa = PBXFileReference; fileEncoding = 4; lastKnownFileType = sourcecode.c.objc; path = SDWebImageDownloaderOperation.m; sourceTree = "<group>"; };
		8BA191641F1A194A0048C425 /* SDWebImageManager.h */ = {isa = PBXFileReference; fileEncoding = 4; lastKnownFileType = sourcecode.c.h; path = SDWebImageManager.h; sourceTree = "<group>"; };
		8BA191651F1A194A0048C425 /* SDWebImageManager.m */ = {isa = PBXFileReference; fileEncoding = 4; lastKnownFileType = sourcecode.c.objc; path = SDWebImageManager.m; sourceTree = "<group>"; };
		8BA191661F1A194A0048C425 /* SDWebImageOperation.h */ = {isa = PBXFileReference; fileEncoding = 4; lastKnownFileType = sourcecode.c.h; path = SDWebImageOperation.h; sourceTree = "<group>"; };
		8BA191671F1A194A0048C425 /* SDWebImagePrefetcher.h */ = {isa = PBXFileReference; fileEncoding = 4; lastKnownFileType = sourcecode.c.h; path = SDWebImagePrefetcher.h; sourceTree = "<group>"; };
		8BA191681F1A194A0048C425 /* SDWebImagePrefetcher.m */ = {isa = PBXFileReference; fileEncoding = 4; lastKnownFileType = sourcecode.c.objc; path = SDWebImagePrefetcher.m; sourceTree = "<group>"; };
		8BA191691F1A194A0048C425 /* UIButton+WebCache.h */ = {isa = PBXFileReference; fileEncoding = 4; lastKnownFileType = sourcecode.c.h; path = "UIButton+WebCache.h"; sourceTree = "<group>"; };
		8BA1916A1F1A194A0048C425 /* UIButton+WebCache.m */ = {isa = PBXFileReference; fileEncoding = 4; lastKnownFileType = sourcecode.c.objc; path = "UIButton+WebCache.m"; sourceTree = "<group>"; };
		8BA1916B1F1A194A0048C425 /* UIImage+GIF.h */ = {isa = PBXFileReference; fileEncoding = 4; lastKnownFileType = sourcecode.c.h; path = "UIImage+GIF.h"; sourceTree = "<group>"; };
		8BA1916C1F1A194A0048C425 /* UIImage+GIF.m */ = {isa = PBXFileReference; fileEncoding = 4; lastKnownFileType = sourcecode.c.objc; path = "UIImage+GIF.m"; sourceTree = "<group>"; };
		8BA1916D1F1A194A0048C425 /* UIImage+MultiFormat.h */ = {isa = PBXFileReference; fileEncoding = 4; lastKnownFileType = sourcecode.c.h; path = "UIImage+MultiFormat.h"; sourceTree = "<group>"; };
		8BA1916E1F1A194A0048C425 /* UIImage+MultiFormat.m */ = {isa = PBXFileReference; fileEncoding = 4; lastKnownFileType = sourcecode.c.objc; path = "UIImage+MultiFormat.m"; sourceTree = "<group>"; };
		8BA1916F1F1A194A0048C425 /* UIImage+WebP.h */ = {isa = PBXFileReference; fileEncoding = 4; lastKnownFileType = sourcecode.c.h; path = "UIImage+WebP.h"; sourceTree = "<group>"; };
		8BA191701F1A194A0048C425 /* UIImage+WebP.m */ = {isa = PBXFileReference; fileEncoding = 4; lastKnownFileType = sourcecode.c.objc; path = "UIImage+WebP.m"; sourceTree = "<group>"; };
		8BA191711F1A194A0048C425 /* UIImageView+HighlightedWebCache.h */ = {isa = PBXFileReference; fileEncoding = 4; lastKnownFileType = sourcecode.c.h; path = "UIImageView+HighlightedWebCache.h"; sourceTree = "<group>"; };
		8BA191721F1A194A0048C425 /* UIImageView+HighlightedWebCache.m */ = {isa = PBXFileReference; fileEncoding = 4; lastKnownFileType = sourcecode.c.objc; path = "UIImageView+HighlightedWebCache.m"; sourceTree = "<group>"; };
		8BA191731F1A194A0048C425 /* UIImageView+WebCache.h */ = {isa = PBXFileReference; fileEncoding = 4; lastKnownFileType = sourcecode.c.h; path = "UIImageView+WebCache.h"; sourceTree = "<group>"; };
		8BA191741F1A194A0048C425 /* UIImageView+WebCache.m */ = {isa = PBXFileReference; fileEncoding = 4; lastKnownFileType = sourcecode.c.objc; path = "UIImageView+WebCache.m"; sourceTree = "<group>"; };
		8BA191751F1A194A0048C425 /* UIView+WebCacheOperation.h */ = {isa = PBXFileReference; fileEncoding = 4; lastKnownFileType = sourcecode.c.h; path = "UIView+WebCacheOperation.h"; sourceTree = "<group>"; };
		8BA191761F1A194A0048C425 /* UIView+WebCacheOperation.m */ = {isa = PBXFileReference; fileEncoding = 4; lastKnownFileType = sourcecode.c.objc; path = "UIView+WebCacheOperation.m"; sourceTree = "<group>"; };
		8BA191871F1A213E0048C425 /* DisplayHelper.h */ = {isa = PBXFileReference; fileEncoding = 4; lastKnownFileType = sourcecode.c.h; name = DisplayHelper.h; path = "../../../../../PersonCode/畜牧通/FarmAndAnimal/FarmAndAnimal/Utils/PublicView/DisplayHelper.h"; sourceTree = "<group>"; };
		8BA191881F1A21400048C425 /* DisplayHelper.m */ = {isa = PBXFileReference; fileEncoding = 4; lastKnownFileType = sourcecode.c.objc; name = DisplayHelper.m; path = "../../../../../PersonCode/畜牧通/FarmAndAnimal/FarmAndAnimal/Utils/PublicView/DisplayHelper.m"; sourceTree = "<group>"; };
		8BA1918B1F1A21B20048C425 /* LICENSE */ = {isa = PBXFileReference; fileEncoding = 4; lastKnownFileType = text; path = LICENSE; sourceTree = "<group>"; };
		8BA1918C1F1A21B20048C425 /* MBProgressHUD.h */ = {isa = PBXFileReference; fileEncoding = 4; lastKnownFileType = sourcecode.c.h; path = MBProgressHUD.h; sourceTree = "<group>"; };
		8BA1918D1F1A21B20048C425 /* MBProgressHUD.m */ = {isa = PBXFileReference; fileEncoding = 4; lastKnownFileType = sourcecode.c.objc; path = MBProgressHUD.m; sourceTree = "<group>"; };
		8BA1918E1F1A21B20048C425 /* README.mdown */ = {isa = PBXFileReference; fileEncoding = 4; lastKnownFileType = net.daringfireball.markdown; path = README.mdown; sourceTree = "<group>"; };
/* End PBXFileReference section */

/* Begin PBXFrameworksBuildPhase section */
		8B35A0DD1F18765400DB2C3A /* Frameworks */ = {
			isa = PBXFrameworksBuildPhase;
			buildActionMask = 2147483647;
			files = (
			);
			runOnlyForDeploymentPostprocessing = 0;
		};
		8B35A0F51F18765500DB2C3A /* Frameworks */ = {
			isa = PBXFrameworksBuildPhase;
			buildActionMask = 2147483647;
			files = (
			);
			runOnlyForDeploymentPostprocessing = 0;
		};
		8B35A1001F18765500DB2C3A /* Frameworks */ = {
			isa = PBXFrameworksBuildPhase;
			buildActionMask = 2147483647;
			files = (
			);
			runOnlyForDeploymentPostprocessing = 0;
		};
/* End PBXFrameworksBuildPhase section */

/* Begin PBXGroup section */
		8B35A0D71F18765400DB2C3A = {
			isa = PBXGroup;
			children = (
				8B35A0E21F18765400DB2C3A /* ZXWLaunchApp */,
				8B35A0FB1F18765500DB2C3A /* ZXWLaunchAppTests */,
				8B35A1061F18765500DB2C3A /* ZXWLaunchAppUITests */,
				8B35A0E11F18765400DB2C3A /* Products */,
			);
			sourceTree = "<group>";
		};
		8B35A0E11F18765400DB2C3A /* Products */ = {
			isa = PBXGroup;
			children = (
				8B35A0E01F18765400DB2C3A /* ZXWLaunchApp.app */,
				8B35A0F81F18765500DB2C3A /* ZXWLaunchAppTests.xctest */,
				8B35A1031F18765500DB2C3A /* ZXWLaunchAppUITests.xctest */,
			);
			name = Products;
			sourceTree = "<group>";
		};
		8B35A0E21F18765400DB2C3A /* ZXWLaunchApp */ = {
			isa = PBXGroup;
			children = (
				8B5D32471F19FA0D002CFA5E /* Resource */,
				8B5D32401F19EFB6002CFA5E /* ZXWLaunch */,
				8B35A0E31F18765400DB2C3A /* AppDelegate.h */,
				8B35A0E41F18765400DB2C3A /* AppDelegate.m */,
				8B35A0E61F18765400DB2C3A /* ViewController.h */,
				8B35A0E71F18765400DB2C3A /* ViewController.m */,
				8BA191521F1A10120048C425 /* MyWebViewViewController.h */,
				8BA191531F1A10120048C425 /* MyWebViewViewController.m */,
				8B35A0E91F18765400DB2C3A /* Main.storyboard */,
				8B35A0EC1F18765400DB2C3A /* Assets.xcassets */,
				8B35A0EE1F18765400DB2C3A /* LaunchScreen.storyboard */,
				8B35A0F11F18765400DB2C3A /* Info.plist */,
				8B35A0F21F18765400DB2C3A /* main.m */,
			);
			path = ZXWLaunchApp;
			sourceTree = "<group>";
		};
		8B35A0FB1F18765500DB2C3A /* ZXWLaunchAppTests */ = {
			isa = PBXGroup;
			children = (
				8B35A0FC1F18765500DB2C3A /* ZXWLaunchAppTests.m */,
				8B35A0FE1F18765500DB2C3A /* Info.plist */,
			);
			path = ZXWLaunchAppTests;
			sourceTree = "<group>";
		};
		8B35A1061F18765500DB2C3A /* ZXWLaunchAppUITests */ = {
			isa = PBXGroup;
			children = (
				8B35A1071F18765500DB2C3A /* ZXWLaunchAppUITests.m */,
				8B35A1091F18765500DB2C3A /* Info.plist */,
			);
			path = ZXWLaunchAppUITests;
			sourceTree = "<group>";
		};
		8B5D32401F19EFB6002CFA5E /* ZXWLaunch */ = {
			isa = PBXGroup;
			children = (
				8BA191871F1A213E0048C425 /* DisplayHelper.h */,
				8BA191881F1A21400048C425 /* DisplayHelper.m */,
				8BA1918A1F1A21B20048C425 /* MBProgressHUD */,
				8BA191551F1A194A0048C425 /* SDWebImage */,
				8B5D32411F19F007002CFA5E /* LaunchViewController.h */,
				8B5D32421F19F007002CFA5E /* LaunchViewController.m */,
				8B5D32441F19F428002CFA5E /* LaunchItemModel.h */,
				8B5D32451F19F428002CFA5E /* LaunchItemModel.m */,
			);
			path = ZXWLaunch;
			sourceTree = "<group>";
		};
		8B5D32471F19FA0D002CFA5E /* Resource */ = {
			isa = PBXGroup;
			children = (
				8B5D324C1F19FA83002CFA5E /* LaunchImg@2x.png */,
				8B5D324A1F19FA71002CFA5E /* qidong.mp4 */,
			);
			path = Resource;
			sourceTree = "<group>";
		};
		8BA191551F1A194A0048C425 /* SDWebImage */ = {
			isa = PBXGroup;
			children = (
				8BA191561F1A194A0048C425 /* MKAnnotationView+WebCache.h */,
				8BA191571F1A194A0048C425 /* MKAnnotationView+WebCache.m */,
				8BA191581F1A194A0048C425 /* NSData+ImageContentType.h */,
				8BA191591F1A194A0048C425 /* NSData+ImageContentType.m */,
				8BA1915A1F1A194A0048C425 /* SDImageCache.h */,
				8BA1915B1F1A194A0048C425 /* SDImageCache.m */,
				8BA1915C1F1A194A0048C425 /* SDWebImageCompat.h */,
				8BA1915D1F1A194A0048C425 /* SDWebImageCompat.m */,
				8BA1915E1F1A194A0048C425 /* SDWebImageDecoder.h */,
				8BA1915F1F1A194A0048C425 /* SDWebImageDecoder.m */,
				8BA191601F1A194A0048C425 /* SDWebImageDownloader.h */,
				8BA191611F1A194A0048C425 /* SDWebImageDownloader.m */,
				8BA191621F1A194A0048C425 /* SDWebImageDownloaderOperation.h */,
				8BA191631F1A194A0048C425 /* SDWebImageDownloaderOperation.m */,
				8BA191641F1A194A0048C425 /* SDWebImageManager.h */,
				8BA191651F1A194A0048C425 /* SDWebImageManager.m */,
				8BA191661F1A194A0048C425 /* SDWebImageOperation.h */,
				8BA191671F1A194A0048C425 /* SDWebImagePrefetcher.h */,
				8BA191681F1A194A0048C425 /* SDWebImagePrefetcher.m */,
				8BA191691F1A194A0048C425 /* UIButton+WebCache.h */,
				8BA1916A1F1A194A0048C425 /* UIButton+WebCache.m */,
				8BA1916B1F1A194A0048C425 /* UIImage+GIF.h */,
				8BA1916C1F1A194A0048C425 /* UIImage+GIF.m */,
				8BA1916D1F1A194A0048C425 /* UIImage+MultiFormat.h */,
				8BA1916E1F1A194A0048C425 /* UIImage+MultiFormat.m */,
				8BA1916F1F1A194A0048C425 /* UIImage+WebP.h */,
				8BA191701F1A194A0048C425 /* UIImage+WebP.m */,
				8BA191711F1A194A0048C425 /* UIImageView+HighlightedWebCache.h */,
				8BA191721F1A194A0048C425 /* UIImageView+HighlightedWebCache.m */,
				8BA191731F1A194A0048C425 /* UIImageView+WebCache.h */,
				8BA191741F1A194A0048C425 /* UIImageView+WebCache.m */,
				8BA191751F1A194A0048C425 /* UIView+WebCacheOperation.h */,
				8BA191761F1A194A0048C425 /* UIView+WebCacheOperation.m */,
			);
			name = SDWebImage;
			path = "../../../../../PersonCode/畜牧通/FarmAndAnimal/FarmAndAnimal/Vendor/SDWebImage";
			sourceTree = "<group>";
		};
		8BA1918A1F1A21B20048C425 /* MBProgressHUD */ = {
			isa = PBXGroup;
			children = (
				8BA1918B1F1A21B20048C425 /* LICENSE */,
				8BA1918C1F1A21B20048C425 /* MBProgressHUD.h */,
				8BA1918D1F1A21B20048C425 /* MBProgressHUD.m */,
				8BA1918E1F1A21B20048C425 /* README.mdown */,
			);
			name = MBProgressHUD;
			path = "../../../../../PersonCode/畜牧通/FarmAndAnimal/FarmAndAnimal/Vendor/MBProgressHUD";
			sourceTree = "<group>";
		};
/* End PBXGroup section */

/* Begin PBXNativeTarget section */
		8B35A0DF1F18765400DB2C3A /* ZXWLaunchApp */ = {
			isa = PBXNativeTarget;
			buildConfigurationList = 8B35A10C1F18765500DB2C3A /* Build configuration list for PBXNativeTarget "ZXWLaunchApp" */;
			buildPhases = (
				8B35A0DC1F18765400DB2C3A /* Sources */,
				8B35A0DD1F18765400DB2C3A /* Frameworks */,
				8B35A0DE1F18765400DB2C3A /* Resources */,
			);
			buildRules = (
			);
			dependencies = (
			);
			name = ZXWLaunchApp;
			productName = ZXWLaunchApp;
			productReference = 8B35A0E01F18765400DB2C3A /* ZXWLaunchApp.app */;
			productType = "com.apple.product-type.application";
		};
		8B35A0F71F18765500DB2C3A /* ZXWLaunchAppTests */ = {
			isa = PBXNativeTarget;
			buildConfigurationList = 8B35A10F1F18765500DB2C3A /* Build configuration list for PBXNativeTarget "ZXWLaunchAppTests" */;
			buildPhases = (
				8B35A0F41F18765500DB2C3A /* Sources */,
				8B35A0F51F18765500DB2C3A /* Frameworks */,
				8B35A0F61F18765500DB2C3A /* Resources */,
			);
			buildRules = (
			);
			dependencies = (
				8B35A0FA1F18765500DB2C3A /* PBXTargetDependency */,
			);
			name = ZXWLaunchAppTests;
			productName = ZXWLaunchAppTests;
			productReference = 8B35A0F81F18765500DB2C3A /* ZXWLaunchAppTests.xctest */;
			productType = "com.apple.product-type.bundle.unit-test";
		};
		8B35A1021F18765500DB2C3A /* ZXWLaunchAppUITests */ = {
			isa = PBXNativeTarget;
			buildConfigurationList = 8B35A1121F18765500DB2C3A /* Build configuration list for PBXNativeTarget "ZXWLaunchAppUITests" */;
			buildPhases = (
				8B35A0FF1F18765500DB2C3A /* Sources */,
				8B35A1001F18765500DB2C3A /* Frameworks */,
				8B35A1011F18765500DB2C3A /* Resources */,
			);
			buildRules = (
			);
			dependencies = (
				8B35A1051F18765500DB2C3A /* PBXTargetDependency */,
			);
			name = ZXWLaunchAppUITests;
			productName = ZXWLaunchAppUITests;
			productReference = 8B35A1031F18765500DB2C3A /* ZXWLaunchAppUITests.xctest */;
			productType = "com.apple.product-type.bundle.ui-testing";
		};
/* End PBXNativeTarget section */

/* Begin PBXProject section */
		8B35A0D81F18765400DB2C3A /* Project object */ = {
			isa = PBXProject;
			attributes = {
				LastUpgradeCheck = 0900;
				ORGANIZATIONNAME = DaviD;
				TargetAttributes = {
					8B35A0DF1F18765400DB2C3A = {
						CreatedOnToolsVersion = 9.0;
					};
					8B35A0F71F18765500DB2C3A = {
						CreatedOnToolsVersion = 9.0;
						TestTargetID = 8B35A0DF1F18765400DB2C3A;
					};
					8B35A1021F18765500DB2C3A = {
						CreatedOnToolsVersion = 9.0;
						TestTargetID = 8B35A0DF1F18765400DB2C3A;
					};
				};
			};
			buildConfigurationList = 8B35A0DB1F18765400DB2C3A /* Build configuration list for PBXProject "ZXWLaunchApp" */;
			compatibilityVersion = "Xcode 8.0";
			developmentRegion = en;
			hasScannedForEncodings = 0;
			knownRegions = (
				en,
				Base,
			);
			mainGroup = 8B35A0D71F18765400DB2C3A;
			productRefGroup = 8B35A0E11F18765400DB2C3A /* Products */;
			projectDirPath = "";
			projectRoot = "";
			targets = (
				8B35A0DF1F18765400DB2C3A /* ZXWLaunchApp */,
				8B35A0F71F18765500DB2C3A /* ZXWLaunchAppTests */,
				8B35A1021F18765500DB2C3A /* ZXWLaunchAppUITests */,
			);
		};
/* End PBXProject section */

/* Begin PBXResourcesBuildPhase section */
		8B35A0DE1F18765400DB2C3A /* Resources */ = {
			isa = PBXResourcesBuildPhase;
			buildActionMask = 2147483647;
			files = (
				8BA1918F1F1A21B20048C425 /* LICENSE in Resources */,
				8B5D324D1F19FA83002CFA5E /* LaunchImg@2x.png in Resources */,
				8B35A0F01F18765400DB2C3A /* LaunchScreen.storyboard in Resources */,
				8B35A0ED1F18765400DB2C3A /* Assets.xcassets in Resources */,
				8B35A0EB1F18765400DB2C3A /* Main.storyboard in Resources */,
				8B5D324B1F19FA71002CFA5E /* qidong.mp4 in Resources */,
			);
			runOnlyForDeploymentPostprocessing = 0;
		};
		8B35A0F61F18765500DB2C3A /* Resources */ = {
			isa = PBXResourcesBuildPhase;
			buildActionMask = 2147483647;
			files = (
			);
			runOnlyForDeploymentPostprocessing = 0;
		};
		8B35A1011F18765500DB2C3A /* Resources */ = {
			isa = PBXResourcesBuildPhase;
			buildActionMask = 2147483647;
			files = (
			);
			runOnlyForDeploymentPostprocessing = 0;
		};
/* End PBXResourcesBuildPhase section */

/* Begin PBXSourcesBuildPhase section */
		8B35A0DC1F18765400DB2C3A /* Sources */ = {
			isa = PBXSourcesBuildPhase;
			buildActionMask = 2147483647;
			files = (
				8B35A0E81F18765400DB2C3A /* ViewController.m in Sources */,
				8BA1917E1F1A194A0048C425 /* SDWebImageManager.m in Sources */,
				8BA191791F1A194A0048C425 /* SDImageCache.m in Sources */,
				8BA1917D1F1A194A0048C425 /* SDWebImageDownloaderOperation.m in Sources */,
				8BA191861F1A194A0048C425 /* UIView+WebCacheOperation.m in Sources */,
				8B5D32461F19F428002CFA5E /* LaunchItemModel.m in Sources */,
				8BA191801F1A194A0048C425 /* UIButton+WebCache.m in Sources */,
				8BA191901F1A21B20048C425 /* MBProgressHUD.m in Sources */,
				8BA191781F1A194A0048C425 /* NSData+ImageContentType.m in Sources */,
				8BA1917F1F1A194A0048C425 /* SDWebImagePrefetcher.m in Sources */,
				8BA1917C1F1A194A0048C425 /* SDWebImageDownloader.m in Sources */,
				8B5D32431F19F007002CFA5E /* LaunchViewController.m in Sources */,
				8BA191831F1A194A0048C425 /* UIImage+WebP.m in Sources */,
				8BA191851F1A194A0048C425 /* UIImageView+WebCache.m in Sources */,
				8BA1917B1F1A194A0048C425 /* SDWebImageDecoder.m in Sources */,
				8B35A0F31F18765400DB2C3A /* main.m in Sources */,
				8BA191771F1A194A0048C425 /* MKAnnotationView+WebCache.m in Sources */,
				8BA1917A1F1A194A0048C425 /* SDWebImageCompat.m in Sources */,
				8BA191541F1A10120048C425 /* MyWebViewViewController.m in Sources */,
				8BA191911F1A21B20048C425 /* README.mdown in Sources */,
				8B35A0E51F18765400DB2C3A /* AppDelegate.m in Sources */,
				8BA191891F1A21400048C425 /* DisplayHelper.m in Sources */,
				8BA191821F1A194A0048C425 /* UIImage+MultiFormat.m in Sources */,
				8BA191841F1A194A0048C425 /* UIImageView+HighlightedWebCache.m in Sources */,
				8BA191811F1A194A0048C425 /* UIImage+GIF.m in Sources */,
			);
			runOnlyForDeploymentPostprocessing = 0;
		};
		8B35A0F41F18765500DB2C3A /* Sources */ = {
			isa = PBXSourcesBuildPhase;
			buildActionMask = 2147483647;
			files = (
				8B35A0FD1F18765500DB2C3A /* ZXWLaunchAppTests.m in Sources */,
			);
			runOnlyForDeploymentPostprocessing = 0;
		};
		8B35A0FF1F18765500DB2C3A /* Sources */ = {
			isa = PBXSourcesBuildPhase;
			buildActionMask = 2147483647;
			files = (
				8B35A1081F18765500DB2C3A /* ZXWLaunchAppUITests.m in Sources */,
			);
			runOnlyForDeploymentPostprocessing = 0;
		};
/* End PBXSourcesBuildPhase section */

/* Begin PBXTargetDependency section */
		8B35A0FA1F18765500DB2C3A /* PBXTargetDependency */ = {
			isa = PBXTargetDependency;
			target = 8B35A0DF1F18765400DB2C3A /* ZXWLaunchApp */;
			targetProxy = 8B35A0F91F18765500DB2C3A /* PBXContainerItemProxy */;
		};
		8B35A1051F18765500DB2C3A /* PBXTargetDependency */ = {
			isa = PBXTargetDependency;
			target = 8B35A0DF1F18765400DB2C3A /* ZXWLaunchApp */;
			targetProxy = 8B35A1041F18765500DB2C3A /* PBXContainerItemProxy */;
		};
/* End PBXTargetDependency section */

/* Begin PBXVariantGroup section */
		8B35A0E91F18765400DB2C3A /* Main.storyboard */ = {
			isa = PBXVariantGroup;
			children = (
				8B35A0EA1F18765400DB2C3A /* Base */,
			);
			name = Main.storyboard;
			sourceTree = "<group>";
		};
		8B35A0EE1F18765400DB2C3A /* LaunchScreen.storyboard */ = {
			isa = PBXVariantGroup;
			children = (
				8B35A0EF1F18765400DB2C3A /* Base */,
			);
			name = LaunchScreen.storyboard;
			sourceTree = "<group>";
		};
/* End PBXVariantGroup section */

/* Begin XCBuildConfiguration section */
		8B35A10A1F18765500DB2C3A /* Debug */ = {
			isa = XCBuildConfiguration;
			buildSettings = {
				ALWAYS_SEARCH_USER_PATHS = NO;
				CLANG_ANALYZER_NONNULL = YES;
				CLANG_ANALYZER_NUMBER_OBJECT_CONVERSION = YES_AGGRESSIVE;
				CLANG_CXX_LANGUAGE_STANDARD = "gnu++14";
				CLANG_CXX_LIBRARY = "libc++";
				CLANG_ENABLE_MODULES = YES;
				CLANG_ENABLE_OBJC_ARC = YES;
				CLANG_WARN_BLOCK_CAPTURE_AUTORELEASING = YES;
				CLANG_WARN_BOOL_CONVERSION = YES;
				CLANG_WARN_COMMA = YES;
				CLANG_WARN_CONSTANT_CONVERSION = YES;
				CLANG_WARN_DIRECT_OBJC_ISA_USAGE = YES_ERROR;
				CLANG_WARN_DOCUMENTATION_COMMENTS = YES;
				CLANG_WARN_EMPTY_BODY = YES;
				CLANG_WARN_ENUM_CONVERSION = YES;
				CLANG_WARN_INFINITE_RECURSION = YES;
				CLANG_WARN_INT_CONVERSION = YES;
				CLANG_WARN_OBJC_ROOT_CLASS = YES_ERROR;
				CLANG_WARN_RANGE_LOOP_ANALYSIS = YES;
				CLANG_WARN_STRICT_PROTOTYPES = YES;
				CLANG_WARN_SUSPICIOUS_MOVE = YES;
				CLANG_WARN_UNGUARDED_AVAILABILITY = YES_AGGRESSIVE;
				CLANG_WARN_UNREACHABLE_CODE = YES;
				CLANG_WARN__DUPLICATE_METHOD_MATCH = YES;
				CODE_SIGN_IDENTITY = "iPhone Developer";
				COPY_PHASE_STRIP = NO;
				DEBUG_INFORMATION_FORMAT = dwarf;
				ENABLE_STRICT_OBJC_MSGSEND = YES;
				ENABLE_TESTABILITY = YES;
				GCC_C_LANGUAGE_STANDARD = gnu11;
				GCC_DYNAMIC_NO_PIC = NO;
				GCC_NO_COMMON_BLOCKS = YES;
				GCC_OPTIMIZATION_LEVEL = 0;
				GCC_PREPROCESSOR_DEFINITIONS = (
					"DEBUG=1",
					"$(inherited)",
				);
				GCC_WARN_64_TO_32_BIT_CONVERSION = YES;
				GCC_WARN_ABOUT_RETURN_TYPE = YES_ERROR;
				GCC_WARN_UNDECLARED_SELECTOR = YES;
				GCC_WARN_UNINITIALIZED_AUTOS = YES_AGGRESSIVE;
				GCC_WARN_UNUSED_FUNCTION = YES;
				GCC_WARN_UNUSED_VARIABLE = YES;
				IPHONEOS_DEPLOYMENT_TARGET = 11.0;
				MTL_ENABLE_DEBUG_INFO = YES;
				ONLY_ACTIVE_ARCH = YES;
				SDKROOT = iphoneos;
			};
			name = Debug;
		};
		8B35A10B1F18765500DB2C3A /* Release */ = {
			isa = XCBuildConfiguration;
			buildSettings = {
				ALWAYS_SEARCH_USER_PATHS = NO;
				CLANG_ANALYZER_NONNULL = YES;
				CLANG_ANALYZER_NUMBER_OBJECT_CONVERSION = YES_AGGRESSIVE;
				CLANG_CXX_LANGUAGE_STANDARD = "gnu++14";
				CLANG_CXX_LIBRARY = "libc++";
				CLANG_ENABLE_MODULES = YES;
				CLANG_ENABLE_OBJC_ARC = YES;
				CLANG_WARN_BLOCK_CAPTURE_AUTORELEASING = YES;
				CLANG_WARN_BOOL_CONVERSION = YES;
				CLANG_WARN_COMMA = YES;
				CLANG_WARN_CONSTANT_CONVERSION = YES;
				CLANG_WARN_DIRECT_OBJC_ISA_USAGE = YES_ERROR;
				CLANG_WARN_DOCUMENTATION_COMMENTS = YES;
				CLANG_WARN_EMPTY_BODY = YES;
				CLANG_WARN_ENUM_CONVERSION = YES;
				CLANG_WARN_INFINITE_RECURSION = YES;
				CLANG_WARN_INT_CONVERSION = YES;
				CLANG_WARN_OBJC_ROOT_CLASS = YES_ERROR;
				CLANG_WARN_RANGE_LOOP_ANALYSIS = YES;
				CLANG_WARN_STRICT_PROTOTYPES = YES;
				CLANG_WARN_SUSPICIOUS_MOVE = YES;
				CLANG_WARN_UNGUARDED_AVAILABILITY = YES_AGGRESSIVE;
				CLANG_WARN_UNREACHABLE_CODE = YES;
				CLANG_WARN__DUPLICATE_METHOD_MATCH = YES;
				CODE_SIGN_IDENTITY = "iPhone Developer";
				COPY_PHASE_STRIP = NO;
				DEBUG_INFORMATION_FORMAT = "dwarf-with-dsym";
				ENABLE_NS_ASSERTIONS = NO;
				ENABLE_STRICT_OBJC_MSGSEND = YES;
				GCC_C_LANGUAGE_STANDARD = gnu11;
				GCC_NO_COMMON_BLOCKS = YES;
				GCC_WARN_64_TO_32_BIT_CONVERSION = YES;
				GCC_WARN_ABOUT_RETURN_TYPE = YES_ERROR;
				GCC_WARN_UNDECLARED_SELECTOR = YES;
				GCC_WARN_UNINITIALIZED_AUTOS = YES_AGGRESSIVE;
				GCC_WARN_UNUSED_FUNCTION = YES;
				GCC_WARN_UNUSED_VARIABLE = YES;
				IPHONEOS_DEPLOYMENT_TARGET = 11.0;
				MTL_ENABLE_DEBUG_INFO = NO;
				SDKROOT = iphoneos;
				VALIDATE_PRODUCT = YES;
			};
			name = Release;
		};
		8B35A10D1F18765500DB2C3A /* Debug */ = {
			isa = XCBuildConfiguration;
			buildSettings = {
				ASSETCATALOG_COMPILER_APPICON_NAME = AppIcon;
				ASSETCATALOG_COMPILER_LAUNCHIMAGE_NAME = LaunchImage;
				DEVELOPMENT_TEAM = V3VWCC65R7;
				INFOPLIST_FILE = ZXWLaunchApp/Info.plist;
				LD_RUNPATH_SEARCH_PATHS = "$(inherited) @executable_path/Frameworks";
				PRODUCT_BUNDLE_IDENTIFIER = jgrm.com.ZXWLaunchApp;
				PRODUCT_NAME = "$(TARGET_NAME)";
				TARGETED_DEVICE_FAMILY = "1,2";
			};
			name = Debug;
		};
		8B35A10E1F18765500DB2C3A /* Release */ = {
			isa = XCBuildConfiguration;
			buildSettings = {
				ASSETCATALOG_COMPILER_APPICON_NAME = AppIcon;
				ASSETCATALOG_COMPILER_LAUNCHIMAGE_NAME = LaunchImage;
				DEVELOPMENT_TEAM = V3VWCC65R7;
				INFOPLIST_FILE = ZXWLaunchApp/Info.plist;
				LD_RUNPATH_SEARCH_PATHS = "$(inherited) @executable_path/Frameworks";
				PRODUCT_BUNDLE_IDENTIFIER = jgrm.com.ZXWLaunchApp;
				PRODUCT_NAME = "$(TARGET_NAME)";
				TARGETED_DEVICE_FAMILY = "1,2";
			};
			name = Release;
		};
		8B35A1101F18765500DB2C3A /* Debug */ = {
			isa = XCBuildConfiguration;
			buildSettings = {
				BUNDLE_LOADER = "$(TEST_HOST)";
				DEVELOPMENT_TEAM = V3VWCC65R7;
				INFOPLIST_FILE = ZXWLaunchAppTests/Info.plist;
				LD_RUNPATH_SEARCH_PATHS = "$(inherited) @executable_path/Frameworks @loader_path/Frameworks";
				PRODUCT_BUNDLE_IDENTIFIER = jgrm.com.ZXWLaunchAppTests;
				PRODUCT_NAME = "$(TARGET_NAME)";
				TARGETED_DEVICE_FAMILY = "1,2";
				TEST_HOST = "$(BUILT_PRODUCTS_DIR)/ZXWLaunchApp.app/ZXWLaunchApp";
			};
			name = Debug;
		};
		8B35A1111F18765500DB2C3A /* Release */ = {
			isa = XCBuildConfiguration;
			buildSettings = {
				BUNDLE_LOADER = "$(TEST_HOST)";
				DEVELOPMENT_TEAM = V3VWCC65R7;
				INFOPLIST_FILE = ZXWLaunchAppTests/Info.plist;
				LD_RUNPATH_SEARCH_PATHS = "$(inherited) @executable_path/Frameworks @loader_path/Frameworks";
				PRODUCT_BUNDLE_IDENTIFIER = jgrm.com.ZXWLaunchAppTests;
				PRODUCT_NAME = "$(TARGET_NAME)";
				TARGETED_DEVICE_FAMILY = "1,2";
				TEST_HOST = "$(BUILT_PRODUCTS_DIR)/ZXWLaunchApp.app/ZXWLaunchApp";
			};
			name = Release;
		};
		8B35A1131F18765500DB2C3A /* Debug */ = {
			isa = XCBuildConfiguration;
			buildSettings = {
				DEVELOPMENT_TEAM = V3VWCC65R7;
				INFOPLIST_FILE = ZXWLaunchAppUITests/Info.plist;
				LD_RUNPATH_SEARCH_PATHS = "$(inherited) @executable_path/Frameworks @loader_path/Frameworks";
				PRODUCT_BUNDLE_IDENTIFIER = jgrm.com.ZXWLaunchAppUITests;
				PRODUCT_NAME = "$(TARGET_NAME)";
				TARGETED_DEVICE_FAMILY = "1,2";
				TEST_TARGET_NAME = ZXWLaunchApp;
			};
			name = Debug;
		};
		8B35A1141F18765500DB2C3A /* Release */ = {
			isa = XCBuildConfiguration;
			buildSettings = {
				DEVELOPMENT_TEAM = V3VWCC65R7;
				INFOPLIST_FILE = ZXWLaunchAppUITests/Info.plist;
				LD_RUNPATH_SEARCH_PATHS = "$(inherited) @executable_path/Frameworks @loader_path/Frameworks";
				PRODUCT_BUNDLE_IDENTIFIER = jgrm.com.ZXWLaunchAppUITests;
				PRODUCT_NAME = "$(TARGET_NAME)";
				TARGETED_DEVICE_FAMILY = "1,2";
				TEST_TARGET_NAME = ZXWLaunchApp;
			};
			name = Release;
		};
/* End XCBuildConfiguration section */

/* Begin XCConfigurationList section */
		8B35A0DB1F18765400DB2C3A /* Build configuration list for PBXProject "ZXWLaunchApp" */ = {
			isa = XCConfigurationList;
			buildConfigurations = (
				8B35A10A1F18765500DB2C3A /* Debug */,
				8B35A10B1F18765500DB2C3A /* Release */,
			);
			defaultConfigurationIsVisible = 0;
			defaultConfigurationName = Release;
		};
		8B35A10C1F18765500DB2C3A /* Build configuration list for PBXNativeTarget "ZXWLaunchApp" */ = {
			isa = XCConfigurationList;
			buildConfigurations = (
				8B35A10D1F18765500DB2C3A /* Debug */,
				8B35A10E1F18765500DB2C3A /* Release */,
			);
			defaultConfigurationIsVisible = 0;
			defaultConfigurationName = Release;
		};
		8B35A10F1F18765500DB2C3A /* Build configuration list for PBXNativeTarget "ZXWLaunchAppTests" */ = {
			isa = XCConfigurationList;
			buildConfigurations = (
				8B35A1101F18765500DB2C3A /* Debug */,
				8B35A1111F18765500DB2C3A /* Release */,
			);
			defaultConfigurationIsVisible = 0;
			defaultConfigurationName = Release;
		};
		8B35A1121F18765500DB2C3A /* Build configuration list for PBXNativeTarget "ZXWLaunchAppUITests" */ = {
			isa = XCConfigurationList;
			buildConfigurations = (
				8B35A1131F18765500DB2C3A /* Debug */,
				8B35A1141F18765500DB2C3A /* Release */,
			);
			defaultConfigurationIsVisible = 0;
			defaultConfigurationName = Release;
		};
/* End XCConfigurationList section */
	};
	rootObject = 8B35A0D81F18765400DB2C3A /* Project object */;
}
